// !$*UTF8*$!
{
	archiveVersion = 1;
	classes = {
	};
	objectVersion = 56;
	objects = {

/* Begin PBXBuildFile section */
		BE0E98F129ED4081009C74A3 /* LandmarksApp.swift in Sources */ = {isa = PBXBuildFile; fileRef = BE0E98F029ED4081009C74A3 /* LandmarksApp.swift */; };
		BE0E98F329ED4081009C74A3 /* ContentView.swift in Sources */ = {isa = PBXBuildFile; fileRef = BE0E98F229ED4081009C74A3 /* ContentView.swift */; };
		BE0E98F529ED4081009C74A3 /* Assets.xcassets in Resources */ = {isa = PBXBuildFile; fileRef = BE0E98F429ED4081009C74A3 /* Assets.xcassets */; };
		BE0E98F829ED4081009C74A3 /* Preview Assets.xcassets in Resources */ = {isa = PBXBuildFile; fileRef = BE0E98F729ED4081009C74A3 /* Preview Assets.xcassets */; };
		BE0E990229ED4082009C74A3 /* LandmarksTests.swift in Sources */ = {isa = PBXBuildFile; fileRef = BE0E990129ED4082009C74A3 /* LandmarksTests.swift */; };
		BE0E990C29ED4082009C74A3 /* LandmarksUITests.swift in Sources */ = {isa = PBXBuildFile; fileRef = BE0E990B29ED4082009C74A3 /* LandmarksUITests.swift */; };
		BE0E990E29ED4082009C74A3 /* LandmarksUITestsLaunchTests.swift in Sources */ = {isa = PBXBuildFile; fileRef = BE0E990D29ED4082009C74A3 /* LandmarksUITestsLaunchTests.swift */; };
		BEAFC98B29EF1FD100202114 /* landmarkData.json in Resources */ = {isa = PBXBuildFile; fileRef = BEAFC98A29EF1FD100202114 /* landmarkData.json */; };
		BEAFC98D29EF200100202114 /* Landmark.swift in Sources */ = {isa = PBXBuildFile; fileRef = BEAFC98C29EF200100202114 /* Landmark.swift */; };
		BEAFC98F29EF220800202114 /* ModelData.swift in Sources */ = {isa = PBXBuildFile; fileRef = BEAFC98E29EF220800202114 /* ModelData.swift */; };
		BEDE6AF929EDC86D00BE2C0A /* CircleImage.swift in Sources */ = {isa = PBXBuildFile; fileRef = BEDE6AF829EDC86D00BE2C0A /* CircleImage.swift */; };
		BEDE6AFB29EDCB5300BE2C0A /* MapView.swift in Sources */ = {isa = PBXBuildFile; fileRef = BEDE6AFA29EDCB5300BE2C0A /* MapView.swift */; };
/* End PBXBuildFile section */

/* Begin PBXContainerItemProxy section */
		BE0E98FE29ED4082009C74A3 /* PBXContainerItemProxy */ = {
			isa = PBXContainerItemProxy;
			containerPortal = BE0E98E529ED4081009C74A3 /* Project object */;
			proxyType = 1;
			remoteGlobalIDString = BE0E98EC29ED4081009C74A3;
			remoteInfo = Landmarks;
		};
		BE0E990829ED4082009C74A3 /* PBXContainerItemProxy */ = {
			isa = PBXContainerItemProxy;
			containerPortal = BE0E98E529ED4081009C74A3 /* Project object */;
			proxyType = 1;
			remoteGlobalIDString = BE0E98EC29ED4081009C74A3;
			remoteInfo = Landmarks;
		};
/* End PBXContainerItemProxy section */

/* Begin PBXFileReference section */
		BE0E98ED29ED4081009C74A3 /* Landmarks.app */ = {isa = PBXFileReference; explicitFileType = wrapper.application; includeInIndex = 0; path = Landmarks.app; sourceTree = BUILT_PRODUCTS_DIR; };
		BE0E98F029ED4081009C74A3 /* LandmarksApp.swift */ = {isa = PBXFileReference; lastKnownFileType = sourcecode.swift; path = LandmarksApp.swift; sourceTree = "<group>"; };
		BE0E98F229ED4081009C74A3 /* ContentView.swift */ = {isa = PBXFileReference; lastKnownFileType = sourcecode.swift; path = ContentView.swift; sourceTree = "<group>"; };
		BE0E98F429ED4081009C74A3 /* Assets.xcassets */ = {isa = PBXFileReference; lastKnownFileType = folder.assetcatalog; path = Assets.xcassets; sourceTree = "<group>"; };
		BE0E98F729ED4081009C74A3 /* Preview Assets.xcassets */ = {isa = PBXFileReference; lastKnownFileType = folder.assetcatalog; path = "Preview Assets.xcassets"; sourceTree = "<group>"; };
		BE0E98FD29ED4082009C74A3 /* LandmarksTests.xctest */ = {isa = PBXFileReference; explicitFileType = wrapper.cfbundle; includeInIndex = 0; path = LandmarksTests.xctest; sourceTree = BUILT_PRODUCTS_DIR; };
		BE0E990129ED4082009C74A3 /* LandmarksTests.swift */ = {isa = PBXFileReference; lastKnownFileType = sourcecode.swift; path = LandmarksTests.swift; sourceTree = "<group>"; };
		BE0E990729ED4082009C74A3 /* LandmarksUITests.xctest */ = {isa = PBXFileReference; explicitFileType = wrapper.cfbundle; includeInIndex = 0; path = LandmarksUITests.xctest; sourceTree = BUILT_PRODUCTS_DIR; };
		BE0E990B29ED4082009C74A3 /* LandmarksUITests.swift */ = {isa = PBXFileReference; lastKnownFileType = sourcecode.swift; path = LandmarksUITests.swift; sourceTree = "<group>"; };
		BE0E990D29ED4082009C74A3 /* LandmarksUITestsLaunchTests.swift */ = {isa = PBXFileReference; lastKnownFileType = sourcecode.swift; path = LandmarksUITestsLaunchTests.swift; sourceTree = "<group>"; };
		BEAFC98A29EF1FD100202114 /* landmarkData.json */ = {isa = PBXFileReference; fileEncoding = 4; lastKnownFileType = text.json; path = landmarkData.json; sourceTree = "<group>"; };
		BEAFC98C29EF200100202114 /* Landmark.swift */ = {isa = PBXFileReference; lastKnownFileType = sourcecode.swift; path = Landmark.swift; sourceTree = "<group>"; };
		BEAFC98E29EF220800202114 /* ModelData.swift */ = {isa = PBXFileReference; lastKnownFileType = sourcecode.swift; path = ModelData.swift; sourceTree = "<group>"; };
		BEDE6AF829EDC86D00BE2C0A /* CircleImage.swift */ = {isa = PBXFileReference; lastKnownFileType = sourcecode.swift; path = CircleImage.swift; sourceTree = "<group>"; };
		BEDE6AFA29EDCB5300BE2C0A /* MapView.swift */ = {isa = PBXFileReference; lastKnownFileType = sourcecode.swift; path = MapView.swift; sourceTree = "<group>"; };
/* End PBXFileReference section */

/* Begin PBXFrameworksBuildPhase section */
		BE0E98EA29ED4081009C74A3 /* Frameworks */ = {
			isa = PBXFrameworksBuildPhase;
			buildActionMask = 2147483647;
			files = (
			);
			runOnlyForDeploymentPostprocessing = 0;
		};
		BE0E98FA29ED4082009C74A3 /* Frameworks */ = {
			isa = PBXFrameworksBuildPhase;
			buildActionMask = 2147483647;
			files = (
			);
			runOnlyForDeploymentPostprocessing = 0;
		};
		BE0E990429ED4082009C74A3 /* Frameworks */ = {
			isa = PBXFrameworksBuildPhase;
			buildActionMask = 2147483647;
			files = (
			);
			runOnlyForDeploymentPostprocessing = 0;
		};
/* End PBXFrameworksBuildPhase section */

/* Begin PBXGroup section */
		BE0E98E429ED4081009C74A3 = {
			isa = PBXGroup;
			children = (
				BEAFC99229EF280200202114 /* Resources */,
				BEAFC99129EF27D700202114 /* Model */,
				BEAFC99029EF27B600202114 /* Views */,
				BE0E98EF29ED4081009C74A3 /* Landmarks */,
				BE0E990029ED4082009C74A3 /* LandmarksTests */,
				BE0E990A29ED4082009C74A3 /* LandmarksUITests */,
				BE0E98EE29ED4081009C74A3 /* Products */,
			);
			sourceTree = "<group>";
		};
		BE0E98EE29ED4081009C74A3 /* Products */ = {
			isa = PBXGroup;
			children = (
				BE0E98ED29ED4081009C74A3 /* Landmarks.app */,
				BE0E98FD29ED4082009C74A3 /* LandmarksTests.xctest */,
				BE0E990729ED4082009C74A3 /* LandmarksUITests.xctest */,
			);
			name = Products;
			sourceTree = "<group>";
		};
		BE0E98EF29ED4081009C74A3 /* Landmarks */ = {
			isa = PBXGroup;
			children = (
				BE0E98F029ED4081009C74A3 /* LandmarksApp.swift */,
				BE0E98F429ED4081009C74A3 /* Assets.xcassets */,
				BE0E98F629ED4081009C74A3 /* Preview Content */,
			);
			path = Landmarks;
			sourceTree = "<group>";
		};
		BE0E98F629ED4081009C74A3 /* Preview Content */ = {
			isa = PBXGroup;
			children = (
				BE0E98F729ED4081009C74A3 /* Preview Assets.xcassets */,
			);
			path = "Preview Content";
			sourceTree = "<group>";
		};
		BE0E990029ED4082009C74A3 /* LandmarksTests */ = {
			isa = PBXGroup;
			children = (
				BE0E990129ED4082009C74A3 /* LandmarksTests.swift */,
			);
			path = LandmarksTests;
			sourceTree = "<group>";
		};
		BE0E990A29ED4082009C74A3 /* LandmarksUITests */ = {
			isa = PBXGroup;
			children = (
				BE0E990B29ED4082009C74A3 /* LandmarksUITests.swift */,
				BE0E990D29ED4082009C74A3 /* LandmarksUITestsLaunchTests.swift */,
			);
			path = LandmarksUITests;
			sourceTree = "<group>";
		};
		BEAFC99029EF27B600202114 /* Views */ = {
			isa = PBXGroup;
			children = (
				BE0E98F229ED4081009C74A3 /* ContentView.swift */,
				BEDE6AF829EDC86D00BE2C0A /* CircleImage.swift */,
				BEDE6AFA29EDCB5300BE2C0A /* MapView.swift */,
			);
			path = Views;
			sourceTree = "<group>";
		};
		BEAFC99129EF27D700202114 /* Model */ = {
			isa = PBXGroup;
			children = (
				BEAFC98E29EF220800202114 /* ModelData.swift */,
				BEAFC98C29EF200100202114 /* Landmark.swift */,
			);
			path = Model;
			sourceTree = "<group>";
		};
		BEAFC99229EF280200202114 /* Resources */ = {
			isa = PBXGroup;
			children = (
				BEAFC98A29EF1FD100202114 /* landmarkData.json */,
			);
			path = Resources;
			sourceTree = "<group>";
		};
/* End PBXGroup section */

/* Begin PBXNativeTarget section */
		BE0E98EC29ED4081009C74A3 /* Landmarks */ = {
			isa = PBXNativeTarget;
			buildConfigurationList = BE0E991129ED4082009C74A3 /* Build configuration list for PBXNativeTarget "Landmarks" */;
			buildPhases = (
				BE0E98E929ED4081009C74A3 /* Sources */,
				BE0E98EA29ED4081009C74A3 /* Frameworks */,
				BE0E98EB29ED4081009C74A3 /* Resources */,
			);
			buildRules = (
			);
			dependencies = (
			);
			name = Landmarks;
			productName = Landmarks;
			productReference = BE0E98ED29ED4081009C74A3 /* Landmarks.app */;
			productType = "com.apple.product-type.application";
		};
		BE0E98FC29ED4082009C74A3 /* LandmarksTests */ = {
			isa = PBXNativeTarget;
			buildConfigurationList = BE0E991429ED4082009C74A3 /* Build configuration list for PBXNativeTarget "LandmarksTests" */;
			buildPhases = (
				BE0E98F929ED4082009C74A3 /* Sources */,
				BE0E98FA29ED4082009C74A3 /* Frameworks */,
				BE0E98FB29ED4082009C74A3 /* Resources */,
			);
			buildRules = (
			);
			dependencies = (
				BE0E98FF29ED4082009C74A3 /* PBXTargetDependency */,
			);
			name = LandmarksTests;
			productName = LandmarksTests;
			productReference = BE0E98FD29ED4082009C74A3 /* LandmarksTests.xctest */;
			productType = "com.apple.product-type.bundle.unit-test";
		};
		BE0E990629ED4082009C74A3 /* LandmarksUITests */ = {
			isa = PBXNativeTarget;
			buildConfigurationList = BE0E991729ED4082009C74A3 /* Build configuration list for PBXNativeTarget "LandmarksUITests" */;
			buildPhases = (
				BE0E990329ED4082009C74A3 /* Sources */,
				BE0E990429ED4082009C74A3 /* Frameworks */,
				BE0E990529ED4082009C74A3 /* Resources */,
			);
			buildRules = (
			);
			dependencies = (
				BE0E990929ED4082009C74A3 /* PBXTargetDependency */,
			);
			name = LandmarksUITests;
			productName = LandmarksUITests;
			productReference = BE0E990729ED4082009C74A3 /* LandmarksUITests.xctest */;
			productType = "com.apple.product-type.bundle.ui-testing";
		};
/* End PBXNativeTarget section */

/* Begin PBXProject section */
		BE0E98E529ED4081009C74A3 /* Project object */ = {
			isa = PBXProject;
			attributes = {
				BuildIndependentTargetsInParallel = 1;
				LastSwiftUpdateCheck = 1430;
				LastUpgradeCheck = 1430;
				TargetAttributes = {
					BE0E98EC29ED4081009C74A3 = {
						CreatedOnToolsVersion = 14.3;
					};
					BE0E98FC29ED4082009C74A3 = {
						CreatedOnToolsVersion = 14.3;
						TestTargetID = BE0E98EC29ED4081009C74A3;
					};
					BE0E990629ED4082009C74A3 = {
						CreatedOnToolsVersion = 14.3;
						TestTargetID = BE0E98EC29ED4081009C74A3;
					};
				};
			};
			buildConfigurationList = BE0E98E829ED4081009C74A3 /* Build configuration list for PBXProject "Landmarks" */;
			compatibilityVersion = "Xcode 14.0";
			developmentRegion = en;
			hasScannedForEncodings = 0;
			knownRegions = (
				en,
				Base,
			);
			mainGroup = BE0E98E429ED4081009C74A3;
			productRefGroup = BE0E98EE29ED4081009C74A3 /* Products */;
			projectDirPath = "";
			projectRoot = "";
			targets = (
				BE0E98EC29ED4081009C74A3 /* Landmarks */,
				BE0E98FC29ED4082009C74A3 /* LandmarksTests */,
				BE0E990629ED4082009C74A3 /* LandmarksUITests */,
			);
		};
/* End PBXProject section */

/* Begin PBXResourcesBuildPhase section */
		BE0E98EB29ED4081009C74A3 /* Resources */ = {
			isa = PBXResourcesBuildPhase;
			buildActionMask = 2147483647;
			files = (
				BE0E98F829ED4081009C74A3 /* Preview Assets.xcassets in Resources */,
				BE0E98F529ED4081009C74A3 /* Assets.xcassets in Resources */,
			);
			runOnlyForDeploymentPostprocessing = 0;
		};
		BE0E98FB29ED4082009C74A3 /* Resources */ = {
			isa = PBXResourcesBuildPhase;
			buildActionMask = 2147483647;
			files = (
			);
			runOnlyForDeploymentPostprocessing = 0;
		};
		BE0E990529ED4082009C74A3 /* Resources */ = {
			isa = PBXResourcesBuildPhase;
			buildActionMask = 2147483647;
			files = (
				BEAFC98B29EF1FD100202114 /* landmarkData.json in Resources */,
			);
			runOnlyForDeploymentPostprocessing = 0;
		};
/* End PBXResourcesBuildPhase section */

/* Begin PBXSourcesBuildPhase section */
		BE0E98E929ED4081009C74A3 /* Sources */ = {
			isa = PBXSourcesBuildPhase;
			buildActionMask = 2147483647;
			files = (
				BE0E98F329ED4081009C74A3 /* ContentView.swift in Sources */,
				BEDE6AFB29EDCB5300BE2C0A /* MapView.swift in Sources */,
				BE0E98F129ED4081009C74A3 /* LandmarksApp.swift in Sources */,
				BEDE6AF929EDC86D00BE2C0A /* CircleImage.swift in Sources */,
				BEAFC98D29EF200100202114 /* Landmark.swift in Sources */,
				BEAFC98F29EF220800202114 /* ModelData.swift in Sources */,
			);
			runOnlyForDeploymentPostprocessing = 0;
		};
		BE0E98F929ED4082009C74A3 /* Sources */ = {
			isa = PBXSourcesBuildPhase;
			buildActionMask = 2147483647;
			files = (
				BE0E990229ED4082009C74A3 /* LandmarksTests.swift in Sources */,
			);
			runOnlyForDeploymentPostprocessing = 0;
		};
		BE0E990329ED4082009C74A3 /* Sources */ = {
			isa = PBXSourcesBuildPhase;
			buildActionMask = 2147483647;
			files = (
				BE0E990E29ED4082009C74A3 /* LandmarksUITestsLaunchTests.swift in Sources */,
				BE0E990C29ED4082009C74A3 /* LandmarksUITests.swift in Sources */,
			);
			runOnlyForDeploymentPostprocessing = 0;
		};
/* End PBXSourcesBuildPhase section */

/* Begin PBXTargetDependency section */
		BE0E98FF29ED4082009C74A3 /* PBXTargetDependency */ = {
			isa = PBXTargetDependency;
			target = BE0E98EC29ED4081009C74A3 /* Landmarks */;
			targetProxy = BE0E98FE29ED4082009C74A3 /* PBXContainerItemProxy */;
		};
		BE0E990929ED4082009C74A3 /* PBXTargetDependency */ = {
			isa = PBXTargetDependency;
			target = BE0E98EC29ED4081009C74A3 /* Landmarks */;
			targetProxy = BE0E990829ED4082009C74A3 /* PBXContainerItemProxy */;
		};
/* End PBXTargetDependency section */

/* Begin XCBuildConfiguration section */
		BE0E990F29ED4082009C74A3 /* Debug */ = {
			isa = XCBuildConfiguration;
			buildSettings = {
				ALWAYS_SEARCH_USER_PATHS = NO;
				CLANG_ANALYZER_NONNULL = YES;
				CLANG_ANALYZER_NUMBER_OBJECT_CONVERSION = YES_AGGRESSIVE;
				CLANG_CXX_LANGUAGE_STANDARD = "gnu++20";
				CLANG_ENABLE_MODULES = YES;
				CLANG_ENABLE_OBJC_ARC = YES;
				CLANG_ENABLE_OBJC_WEAK = YES;
				CLANG_WARN_BLOCK_CAPTURE_AUTORELEASING = YES;
				CLANG_WARN_BOOL_CONVERSION = YES;
				CLANG_WARN_COMMA = YES;
				CLANG_WARN_CONSTANT_CONVERSION = YES;
				CLANG_WARN_DEPRECATED_OBJC_IMPLEMENTATIONS = YES;
				CLANG_WARN_DIRECT_OBJC_ISA_USAGE = YES_ERROR;
				CLANG_WARN_DOCUMENTATION_COMMENTS = YES;
				CLANG_WARN_EMPTY_BODY = YES;
				CLANG_WARN_ENUM_CONVERSION = YES;
				CLANG_WARN_INFINITE_RECURSION = YES;
				CLANG_WARN_INT_CONVERSION = YES;
				CLANG_WARN_NON_LITERAL_NULL_CONVERSION = YES;
				CLANG_WARN_OBJC_IMPLICIT_RETAIN_SELF = YES;
				CLANG_WARN_OBJC_LITERAL_CONVERSION = YES;
				CLANG_WARN_OBJC_ROOT_CLASS = YES_ERROR;
				CLANG_WARN_QUOTED_INCLUDE_IN_FRAMEWORK_HEADER = YES;
				CLANG_WARN_RANGE_LOOP_ANALYSIS = YES;
				CLANG_WARN_STRICT_PROTOTYPES = YES;
				CLANG_WARN_SUSPICIOUS_MOVE = YES;
				CLANG_WARN_UNGUARDED_AVAILABILITY = YES_AGGRESSIVE;
				CLANG_WARN_UNREACHABLE_CODE = YES;
				CLANG_WARN__DUPLICATE_METHOD_MATCH = YES;
				COPY_PHASE_STRIP = NO;
				DEBUG_INFORMATION_FORMAT = dwarf;
				ENABLE_STRICT_OBJC_MSGSEND = YES;
				ENABLE_TESTABILITY = YES;
				GCC_C_LANGUAGE_STANDARD = gnu11;
				GCC_DYNAMIC_NO_PIC = NO;
				GCC_NO_COMMON_BLOCKS = YES;
				GCC_OPTIMIZATION_LEVEL = 0;
				GCC_PREPROCESSOR_DEFINITIONS = (
					"DEBUG=1",
					"$(inherited)",
				);
				GCC_WARN_64_TO_32_BIT_CONVERSION = YES;
				GCC_WARN_ABOUT_RETURN_TYPE = YES_ERROR;
				GCC_WARN_UNDECLARED_SELECTOR = YES;
				GCC_WARN_UNINITIALIZED_AUTOS = YES_AGGRESSIVE;
				GCC_WARN_UNUSED_FUNCTION = YES;
				GCC_WARN_UNUSED_VARIABLE = YES;
				IPHONEOS_DEPLOYMENT_TARGET = 16.4;
				MTL_ENABLE_DEBUG_INFO = INCLUDE_SOURCE;
				MTL_FAST_MATH = YES;
				ONLY_ACTIVE_ARCH = YES;
				SDKROOT = iphoneos;
				SWIFT_ACTIVE_COMPILATION_CONDITIONS = DEBUG;
				SWIFT_OPTIMIZATION_LEVEL = "-Onone";
			};
			name = Debug;
		};
		BE0E991029ED4082009C74A3 /* Release */ = {
			isa = XCBuildConfiguration;
			buildSettings = {
				ALWAYS_SEARCH_USER_PATHS = NO;
				CLANG_ANALYZER_NONNULL = YES;
				CLANG_ANALYZER_NUMBER_OBJECT_CONVERSION = YES_AGGRESSIVE;
				CLANG_CXX_LANGUAGE_STANDARD = "gnu++20";
				CLANG_ENABLE_MODULES = YES;
				CLANG_ENABLE_OBJC_ARC = YES;
				CLANG_ENABLE_OBJC_WEAK = YES;
				CLANG_WARN_BLOCK_CAPTURE_AUTORELEASING = YES;
				CLANG_WARN_BOOL_CONVERSION = YES;
				CLANG_WARN_COMMA = YES;
				CLANG_WARN_CONSTANT_CONVERSION = YES;
				CLANG_WARN_DEPRECATED_OBJC_IMPLEMENTATIONS = YES;
				CLANG_WARN_DIRECT_OBJC_ISA_USAGE = YES_ERROR;
				CLANG_WARN_DOCUMENTATION_COMMENTS = YES;
				CLANG_WARN_EMPTY_BODY = YES;
				CLANG_WARN_ENUM_CONVERSION = YES;
				CLANG_WARN_INFINITE_RECURSION = YES;
				CLANG_WARN_INT_CONVERSION = YES;
				CLANG_WARN_NON_LITERAL_NULL_CONVERSION = YES;
				CLANG_WARN_OBJC_IMPLICIT_RETAIN_SELF = YES;
				CLANG_WARN_OBJC_LITERAL_CONVERSION = YES;
				CLANG_WARN_OBJC_ROOT_CLASS = YES_ERROR;
				CLANG_WARN_QUOTED_INCLUDE_IN_FRAMEWORK_HEADER = YES;
				CLANG_WARN_RANGE_LOOP_ANALYSIS = YES;
				CLANG_WARN_STRICT_PROTOTYPES = YES;
				CLANG_WARN_SUSPICIOUS_MOVE = YES;
				CLANG_WARN_UNGUARDED_AVAILABILITY = YES_AGGRESSIVE;
				CLANG_WARN_UNREACHABLE_CODE = YES;
				CLANG_WARN__DUPLICATE_METHOD_MATCH = YES;
				COPY_PHASE_STRIP = NO;
				DEBUG_INFORMATION_FORMAT = "dwarf-with-dsym";
				ENABLE_NS_ASSERTIONS = NO;
				ENABLE_STRICT_OBJC_MSGSEND = YES;
				GCC_C_LANGUAGE_STANDARD = gnu11;
				GCC_NO_COMMON_BLOCKS = YES;
				GCC_WARN_64_TO_32_BIT_CONVERSION = YES;
				GCC_WARN_ABOUT_RETURN_TYPE = YES_ERROR;
				GCC_WARN_UNDECLARED_SELECTOR = YES;
				GCC_WARN_UNINITIALIZED_AUTOS = YES_AGGRESSIVE;
				GCC_WARN_UNUSED_FUNCTION = YES;
				GCC_WARN_UNUSED_VARIABLE = YES;
				IPHONEOS_DEPLOYMENT_TARGET = 16.4;
				MTL_ENABLE_DEBUG_INFO = NO;
				MTL_FAST_MATH = YES;
				SDKROOT = iphoneos;
				SWIFT_COMPILATION_MODE = wholemodule;
				SWIFT_OPTIMIZATION_LEVEL = "-O";
				VALIDATE_PRODUCT = YES;
			};
			name = Release;
		};
		BE0E991229ED4082009C74A3 /* Debug */ = {
			isa = XCBuildConfiguration;
			buildSettings = {
				ASSETCATALOG_COMPILER_APPICON_NAME = AppIcon;
				ASSETCATALOG_COMPILER_GLOBAL_ACCENT_COLOR_NAME = AccentColor;
				CODE_SIGN_STYLE = Automatic;
				CURRENT_PROJECT_VERSION = 1;
				DEVELOPMENT_ASSET_PATHS = "\"Landmarks/Preview Content\"";
				ENABLE_PREVIEWS = YES;
				GENERATE_INFOPLIST_FILE = YES;
				INFOPLIST_KEY_UIApplicationSceneManifest_Generation = YES;
				INFOPLIST_KEY_UIApplicationSupportsIndirectInputEvents = YES;
				INFOPLIST_KEY_UILaunchScreen_Generation = YES;
				INFOPLIST_KEY_UISupportedInterfaceOrientations_iPad = "UIInterfaceOrientationPortrait UIInterfaceOrientationPortraitUpsideDown UIInterfaceOrientationLandscapeLeft UIInterfaceOrientationLandscapeRight";
				INFOPLIST_KEY_UISupportedInterfaceOrientations_iPhone = "UIInterfaceOrientationPortrait UIInterfaceOrientationLandscapeLeft UIInterfaceOrientationLandscapeRight";
				LD_RUNPATH_SEARCH_PATHS = (
					"$(inherited)",
					"@executable_path/Frameworks",
				);
				MARKETING_VERSION = 1.0;
				PRODUCT_BUNDLE_IDENTIFIER = iOSApp.Landmarks;
				PRODUCT_NAME = "$(TARGET_NAME)";
				SWIFT_EMIT_LOC_STRINGS = YES;
				SWIFT_VERSION = 5.0;
				TARGETED_DEVICE_FAMILY = "1,2";
			};
			name = Debug;
		};
		BE0E991329ED4082009C74A3 /* Release */ = {
			isa = XCBuildConfiguration;
			buildSettings = {
				ASSETCATALOG_COMPILER_APPICON_NAME = AppIcon;
				ASSETCATALOG_COMPILER_GLOBAL_ACCENT_COLOR_NAME = AccentColor;
				CODE_SIGN_STYLE = Automatic;
				CURRENT_PROJECT_VERSION = 1;
				DEVELOPMENT_ASSET_PATHS = "\"Landmarks/Preview Content\"";
				ENABLE_PREVIEWS = YES;
				GENERATE_INFOPLIST_FILE = YES;
				INFOPLIST_KEY_UIApplicationSceneManifest_Generation = YES;
				INFOPLIST_KEY_UIApplicationSupportsIndirectInputEvents = YES;
				INFOPLIST_KEY_UILaunchScreen_Generation = YES;
				INFOPLIST_KEY_UISupportedInterfaceOrientations_iPad = "UIInterfaceOrientationPortrait UIInterfaceOrientationPortraitUpsideDown UIInterfaceOrientationLandscapeLeft UIInterfaceOrientationLandscapeRight";
				INFOPLIST_KEY_UISupportedInterfaceOrientations_iPhone = "UIInterfaceOrientationPortrait UIInterfaceOrientationLandscapeLeft UIInterfaceOrientationLandscapeRight";
				LD_RUNPATH_SEARCH_PATHS = (
					"$(inherited)",
					"@executable_path/Frameworks",
				);
				MARKETING_VERSION = 1.0;
				PRODUCT_BUNDLE_IDENTIFIER = iOSApp.Landmarks;
				PRODUCT_NAME = "$(TARGET_NAME)";
				SWIFT_EMIT_LOC_STRINGS = YES;
				SWIFT_VERSION = 5.0;
				TARGETED_DEVICE_FAMILY = "1,2";
			};
			name = Release;
		};
		BE0E991529ED4082009C74A3 /* Debug */ = {
			isa = XCBuildConfiguration;
			buildSettings = {
				ALWAYS_EMBED_SWIFT_STANDARD_LIBRARIES = YES;
				BUNDLE_LOADER = "$(TEST_HOST)";
				CODE_SIGN_STYLE = Automatic;
				CURRENT_PROJECT_VERSION = 1;
				GENERATE_INFOPLIST_FILE = YES;
				IPHONEOS_DEPLOYMENT_TARGET = 16.4;
				MARKETING_VERSION = 1.0;
				PRODUCT_BUNDLE_IDENTIFIER = iOSApp.LandmarksTests;
				PRODUCT_NAME = "$(TARGET_NAME)";
				SWIFT_EMIT_LOC_STRINGS = NO;
				SWIFT_VERSION = 5.0;
				TARGETED_DEVICE_FAMILY = "1,2";
				TEST_HOST = "$(BUILT_PRODUCTS_DIR)/Landmarks.app/$(BUNDLE_EXECUTABLE_FOLDER_PATH)/Landmarks";
			};
			name = Debug;
		};
		BE0E991629ED4082009C74A3 /* Release */ = {
			isa = XCBuildConfiguration;
			buildSettings = {
				ALWAYS_EMBED_SWIFT_STANDARD_LIBRARIES = YES;
				BUNDLE_LOADER = "$(TEST_HOST)";
				CODE_SIGN_STYLE = Automatic;
				CURRENT_PROJECT_VERSION = 1;
				GENERATE_INFOPLIST_FILE = YES;
				IPHONEOS_DEPLOYMENT_TARGET = 16.4;
				MARKETING_VERSION = 1.0;
				PRODUCT_BUNDLE_IDENTIFIER = iOSApp.LandmarksTests;
				PRODUCT_NAME = "$(TARGET_NAME)";
				SWIFT_EMIT_LOC_STRINGS = NO;
				SWIFT_VERSION = 5.0;
				TARGETED_DEVICE_FAMILY = "1,2";
				TEST_HOST = "$(BUILT_PRODUCTS_DIR)/Landmarks.app/$(BUNDLE_EXECUTABLE_FOLDER_PATH)/Landmarks";
			};
			name = Release;
		};
		BE0E991829ED4082009C74A3 /* Debug */ = {
			isa = XCBuildConfiguration;
			buildSettings = {
				ALWAYS_EMBED_SWIFT_STANDARD_LIBRARIES = YES;
				CODE_SIGN_STYLE = Automatic;
				CURRENT_PROJECT_VERSION = 1;
				GENERATE_INFOPLIST_FILE = YES;
				MARKETING_VERSION = 1.0;
				PRODUCT_BUNDLE_IDENTIFIER = iOSApp.LandmarksUITests;
				PRODUCT_NAME = "$(TARGET_NAME)";
				SWIFT_EMIT_LOC_STRINGS = NO;
				SWIFT_VERSION = 5.0;
				TARGETED_DEVICE_FAMILY = "1,2";
				TEST_TARGET_NAME = Landmarks;
			};
			name = Debug;
		};
		BE0E991929ED4082009C74A3 /* Release */ = {
			isa = XCBuildConfiguration;
			buildSettings = {
				ALWAYS_EMBED_SWIFT_STANDARD_LIBRARIES = YES;
				CODE_SIGN_STYLE = Automatic;
				CURRENT_PROJECT_VERSION = 1;
				GENERATE_INFOPLIST_FILE = YES;
				MARKETING_VERSION = 1.0;
				PRODUCT_BUNDLE_IDENTIFIER = iOSApp.LandmarksUITests;
				PRODUCT_NAME = "$(TARGET_NAME)";
				SWIFT_EMIT_LOC_STRINGS = NO;
				SWIFT_VERSION = 5.0;
				TARGETED_DEVICE_FAMILY = "1,2";
				TEST_TARGET_NAME = Landmarks;
			};
			name = Release;
		};
/* End XCBuildConfiguration section */

/* Begin XCConfigurationList section */
		BE0E98E829ED4081009C74A3 /* Build configuration list for PBXProject "Landmarks" */ = {
			isa = XCConfigurationList;
			buildConfigurations = (
				BE0E990F29ED4082009C74A3 /* Debug */,
				BE0E991029ED4082009C74A3 /* Release */,
			);
			defaultConfigurationIsVisible = 0;
			defaultConfigurationName = Release;
		};
		BE0E991129ED4082009C74A3 /* Build configuration list for PBXNativeTarget "Landmarks" */ = {
			isa = XCConfigurationList;
			buildConfigurations = (
				BE0E991229ED4082009C74A3 /* Debug */,
				BE0E991329ED4082009C74A3 /* Release */,
			);
			defaultConfigurationIsVisible = 0;
			defaultConfigurationName = Release;
		};
		BE0E991429ED4082009C74A3 /* Build configuration list for PBXNativeTarget "LandmarksTests" */ = {
			isa = XCConfigurationList;
			buildConfigurations = (
				BE0E991529ED4082009C74A3 /* Debug */,
				BE0E991629ED4082009C74A3 /* Release */,
			);
			defaultConfigurationIsVisible = 0;
			defaultConfigurationName = Release;
		};
		BE0E991729ED4082009C74A3 /* Build configuration list for PBXNativeTarget "LandmarksUITests" */ = {
			isa = XCConfigurationList;
			buildConfigurations = (
				BE0E991829ED4082009C74A3 /* Debug */,
				BE0E991929ED4082009C74A3 /* Release */,
			);
			defaultConfigurationIsVisible = 0;
			defaultConfigurationName = Release;
		};
/* End XCConfigurationList section */
	};
	rootObject = BE0E98E529ED4081009C74A3 /* Project object */;
}
